
Microsoft Visual Studio Solution File, Format Version 12.00
# Visual Studio Version 17
VisualStudioVersion = 17.1.32421.90
MinimumVisualStudioVersion = 10.0.40219.1
Project("{9A19103F-16F7-4668-BE54-9A1E7A4F7556}") = "Labb3Models", "Labb3Models\Labb3Models.csproj", "{4CBEB38B-BB59-43C2-8D6B-06B85DECA8A1}"
EndProject
Project("{FAE04EC0-301F-11D3-BF4B-00C04F79EFBC}") = "Labb3.API", "Labb3.API\Labb3.API.csproj", "{56B74F0E-1375-4D17-BC6A-C00DE240B5E0}"
EndProject
Global
	GlobalSection(SolutionConfigurationPlatforms) = preSolution
		Debug|Any CPU = Debug|Any CPU
		Release|Any CPU = Release|Any CPU
	EndGlobalSection
	GlobalSection(ProjectConfigurationPlatforms) = postSolution
		{4CBEB38B-BB59-43C2-8D6B-06B85DECA8A1}.Debug|Any CPU.ActiveCfg = Debug|Any CPU
		{4CBEB38B-BB59-43C2-8D6B-06B85DECA8A1}.Debug|Any CPU.Build.0 = Debug|Any CPU
		{4CBEB38B-BB59-43C2-8D6B-06B85DECA8A1}.Release|Any CPU.ActiveCfg = Release|Any CPU
		{4CBEB38B-BB59-43C2-8D6B-06B85DECA8A1}.Release|Any CPU.Build.0 = Release|Any CPU
		{56B74F0E-1375-4D17-BC6A-C00DE240B5E0}.Debug|Any CPU.ActiveCfg = Debug|Any CPU
		{56B74F0E-1375-4D17-BC6A-C00DE240B5E0}.Debug|Any CPU.Build.0 = Debug|Any CPU
		{56B74F0E-1375-4D17-BC6A-C00DE240B5E0}.Release|Any CPU.ActiveCfg = Release|Any CPU
		{56B74F0E-1375-4D17-BC6A-C00DE240B5E0}.Release|Any CPU.Build.0 = Release|Any CPU
	EndGlobalSection
	GlobalSection(SolutionProperties) = preSolution
		HideSolutionNode = FALSE
	EndGlobalSection
	GlobalSection(ExtensibilityGlobals) = postSolution
		SolutionGuid = {0D94142F-6C1D-49BB-81B6-EF781CFB5988}
	EndGlobalSection
EndGlobal
